// !$*UTF8*$!
{
	archiveVersion = 1;
	classes = {
	};
	objectVersion = 46;
	objects = {

/* Begin PBXBuildFile section */
		968C8A7F199590E9003A2619 /* Foundation.framework in Frameworks */ = {isa = PBXBuildFile; fileRef = 968C8A7E199590E9003A2619 /* Foundation.framework */; };
		968C8A81199590E9003A2619 /* CoreGraphics.framework in Frameworks */ = {isa = PBXBuildFile; fileRef = 968C8A80199590E9003A2619 /* CoreGraphics.framework */; };
		968C8A83199590E9003A2619 /* UIKit.framework in Frameworks */ = {isa = PBXBuildFile; fileRef = 968C8A82199590E9003A2619 /* UIKit.framework */; };
		968C8A89199590E9003A2619 /* InfoPlist.strings in Resources */ = {isa = PBXBuildFile; fileRef = 968C8A87199590E9003A2619 /* InfoPlist.strings */; };
		968C8A8B199590E9003A2619 /* main.m in Sources */ = {isa = PBXBuildFile; fileRef = 968C8A8A199590E9003A2619 /* main.m */; };
		968C8A8F199590E9003A2619 /* AppDelegate.m in Sources */ = {isa = PBXBuildFile; fileRef = 968C8A8E199590E9003A2619 /* AppDelegate.m */; };
		968C8A92199590E9003A2619 /* Main.storyboard in Resources */ = {isa = PBXBuildFile; fileRef = 968C8A90199590E9003A2619 /* Main.storyboard */; };
		968C8A95199590EA003A2619 /* ViewController.m in Sources */ = {isa = PBXBuildFile; fileRef = 968C8A94199590EA003A2619 /* ViewController.m */; };
		968C8A97199590EA003A2619 /* Images.xcassets in Resources */ = {isa = PBXBuildFile; fileRef = 968C8A96199590EA003A2619 /* Images.xcassets */; };
		968C8A9E199590EA003A2619 /* XCTest.framework in Frameworks */ = {isa = PBXBuildFile; fileRef = 968C8A9D199590EA003A2619 /* XCTest.framework */; };
		968C8A9F199590EA003A2619 /* Foundation.framework in Frameworks */ = {isa = PBXBuildFile; fileRef = 968C8A7E199590E9003A2619 /* Foundation.framework */; };
		968C8AA0199590EA003A2619 /* UIKit.framework in Frameworks */ = {isa = PBXBuildFile; fileRef = 968C8A82199590E9003A2619 /* UIKit.framework */; };
		968C8AA8199590EA003A2619 /* InfoPlist.strings in Resources */ = {isa = PBXBuildFile; fileRef = 968C8AA6199590EA003A2619 /* InfoPlist.strings */; };
		968C8AAA199590EA003A2619 /* OLDemoTests.m in Sources */ = {isa = PBXBuildFile; fileRef = 968C8AA9199590EA003A2619 /* OLDemoTests.m */; };
		968C8AD119959AD1003A2619 /* NSObject+Additions.m in Sources */ = {isa = PBXBuildFile; fileRef = 968C8AC719959AD1003A2619 /* NSObject+Additions.m */; };
		968C8AD219959AD1003A2619 /* NSString+Additions.m in Sources */ = {isa = PBXBuildFile; fileRef = 968C8AC919959AD1003A2619 /* NSString+Additions.m */; };
		968C8AD319959AD1003A2619 /* OLUser.m in Sources */ = {isa = PBXBuildFile; fileRef = 968C8ACC19959AD1003A2619 /* OLUser.m */; };
		968C8AD419959AD1003A2619 /* OLUserNetworkManager.m in Sources */ = {isa = PBXBuildFile; fileRef = 968C8ACF19959AD1003A2619 /* OLUserNetworkManager.m */; };
/* End PBXBuildFile section */

/* Begin PBXContainerItemProxy section */
		968C8AA1199590EA003A2619 /* PBXContainerItemProxy */ = {
			isa = PBXContainerItemProxy;
			containerPortal = 968C8A73199590E9003A2619 /* Project object */;
			proxyType = 1;
			remoteGlobalIDString = 968C8A7A199590E9003A2619;
			remoteInfo = OLDemo;
		};
/* End PBXContainerItemProxy section */

/* Begin PBXFileReference section */
		968C8A7B199590E9003A2619 /* OLDemo.app */ = {isa = PBXFileReference; explicitFileType = wrapper.application; includeInIndex = 0; path = OLDemo.app; sourceTree = BUILT_PRODUCTS_DIR; };
		968C8A7E199590E9003A2619 /* Foundation.framework */ = {isa = PBXFileReference; lastKnownFileType = wrapper.framework; name = Foundation.framework; path = System/Library/Frameworks/Foundation.framework; sourceTree = SDKROOT; };
		968C8A80199590E9003A2619 /* CoreGraphics.framework */ = {isa = PBXFileReference; lastKnownFileType = wrapper.framework; name = CoreGraphics.framework; path = System/Library/Frameworks/CoreGraphics.framework; sourceTree = SDKROOT; };
		968C8A82199590E9003A2619 /* UIKit.framework */ = {isa = PBXFileReference; lastKnownFileType = wrapper.framework; name = UIKit.framework; path = System/Library/Frameworks/UIKit.framework; sourceTree = SDKROOT; };
		968C8A86199590E9003A2619 /* OLDemo-Info.plist */ = {isa = PBXFileReference; lastKnownFileType = text.plist.xml; path = "OLDemo-Info.plist"; sourceTree = "<group>"; };
		968C8A88199590E9003A2619 /* en */ = {isa = PBXFileReference; lastKnownFileType = text.plist.strings; name = en; path = en.lproj/InfoPlist.strings; sourceTree = "<group>"; };
		968C8A8A199590E9003A2619 /* main.m */ = {isa = PBXFileReference; lastKnownFileType = sourcecode.c.objc; path = main.m; sourceTree = "<group>"; };
		968C8A8C199590E9003A2619 /* OLDemo-Prefix.pch */ = {isa = PBXFileReference; lastKnownFileType = sourcecode.c.h; path = "OLDemo-Prefix.pch"; sourceTree = "<group>"; };
		968C8A8D199590E9003A2619 /* AppDelegate.h */ = {isa = PBXFileReference; lastKnownFileType = sourcecode.c.h; path = AppDelegate.h; sourceTree = "<group>"; };
		968C8A8E199590E9003A2619 /* AppDelegate.m */ = {isa = PBXFileReference; lastKnownFileType = sourcecode.c.objc; path = AppDelegate.m; sourceTree = "<group>"; };
		968C8A91199590E9003A2619 /* Base */ = {isa = PBXFileReference; lastKnownFileType = file.storyboard; name = Base; path = Base.lproj/Main.storyboard; sourceTree = "<group>"; };
		968C8A93199590E9003A2619 /* ViewController.h */ = {isa = PBXFileReference; lastKnownFileType = sourcecode.c.h; path = ViewController.h; sourceTree = "<group>"; };
		968C8A94199590EA003A2619 /* ViewController.m */ = {isa = PBXFileReference; lastKnownFileType = sourcecode.c.objc; path = ViewController.m; sourceTree = "<group>"; };
		968C8A96199590EA003A2619 /* Images.xcassets */ = {isa = PBXFileReference; lastKnownFileType = folder.assetcatalog; path = Images.xcassets; sourceTree = "<group>"; };
		968C8A9C199590EA003A2619 /* OLDemoTests.xctest */ = {isa = PBXFileReference; explicitFileType = wrapper.cfbundle; includeInIndex = 0; path = OLDemoTests.xctest; sourceTree = BUILT_PRODUCTS_DIR; };
		968C8A9D199590EA003A2619 /* XCTest.framework */ = {isa = PBXFileReference; lastKnownFileType = wrapper.framework; name = XCTest.framework; path = Library/Frameworks/XCTest.framework; sourceTree = DEVELOPER_DIR; };
		968C8AA5199590EA003A2619 /* OLDemoTests-Info.plist */ = {isa = PBXFileReference; lastKnownFileType = text.plist.xml; path = "OLDemoTests-Info.plist"; sourceTree = "<group>"; };
		968C8AA7199590EA003A2619 /* en */ = {isa = PBXFileReference; lastKnownFileType = text.plist.strings; name = en; path = en.lproj/InfoPlist.strings; sourceTree = "<group>"; };
		968C8AA9199590EA003A2619 /* OLDemoTests.m */ = {isa = PBXFileReference; lastKnownFileType = sourcecode.c.objc; path = OLDemoTests.m; sourceTree = "<group>"; };
		968C8AC619959AD1003A2619 /* NSObject+Additions.h */ = {isa = PBXFileReference; fileEncoding = 4; lastKnownFileType = sourcecode.c.h; path = "NSObject+Additions.h"; sourceTree = "<group>"; };
		968C8AC719959AD1003A2619 /* NSObject+Additions.m */ = {isa = PBXFileReference; fileEncoding = 4; lastKnownFileType = sourcecode.c.objc; path = "NSObject+Additions.m"; sourceTree = "<group>"; };
		968C8AC819959AD1003A2619 /* NSString+Additions.h */ = {isa = PBXFileReference; fileEncoding = 4; lastKnownFileType = sourcecode.c.h; path = "NSString+Additions.h"; sourceTree = "<group>"; };
		968C8AC919959AD1003A2619 /* NSString+Additions.m */ = {isa = PBXFileReference; fileEncoding = 4; lastKnownFileType = sourcecode.c.objc; path = "NSString+Additions.m"; sourceTree = "<group>"; };
		968C8ACB19959AD1003A2619 /* OLUser.h */ = {isa = PBXFileReference; fileEncoding = 4; lastKnownFileType = sourcecode.c.h; path = OLUser.h; sourceTree = "<group>"; };
		968C8ACC19959AD1003A2619 /* OLUser.m */ = {isa = PBXFileReference; fileEncoding = 4; lastKnownFileType = sourcecode.c.objc; path = OLUser.m; sourceTree = "<group>"; };
		968C8ACE19959AD1003A2619 /* OLUserNetworkManager.h */ = {isa = PBXFileReference; fileEncoding = 4; lastKnownFileType = sourcecode.c.h; path = OLUserNetworkManager.h; sourceTree = "<group>"; };
		968C8ACF19959AD1003A2619 /* OLUserNetworkManager.m */ = {isa = PBXFileReference; fileEncoding = 4; lastKnownFileType = sourcecode.c.objc; path = OLUserNetworkManager.m; sourceTree = "<group>"; };
		968C8AD019959AD1003A2619 /* OLNetworkConstants.h */ = {isa = PBXFileReference; fileEncoding = 4; lastKnownFileType = sourcecode.c.h; path = OLNetworkConstants.h; sourceTree = "<group>"; };
/* End PBXFileReference section */

/* Begin PBXFrameworksBuildPhase section */
		968C8A78199590E9003A2619 /* Frameworks */ = {
			isa = PBXFrameworksBuildPhase;
			buildActionMask = 2147483647;
			files = (
				968C8A81199590E9003A2619 /* CoreGraphics.framework in Frameworks */,
				968C8A83199590E9003A2619 /* UIKit.framework in Frameworks */,
				968C8A7F199590E9003A2619 /* Foundation.framework in Frameworks */,
			);
			runOnlyForDeploymentPostprocessing = 0;
		};
		968C8A99199590EA003A2619 /* Frameworks */ = {
			isa = PBXFrameworksBuildPhase;
			buildActionMask = 2147483647;
			files = (
				968C8A9E199590EA003A2619 /* XCTest.framework in Frameworks */,
				968C8AA0199590EA003A2619 /* UIKit.framework in Frameworks */,
				968C8A9F199590EA003A2619 /* Foundation.framework in Frameworks */,
			);
			runOnlyForDeploymentPostprocessing = 0;
		};
/* End PBXFrameworksBuildPhase section */

/* Begin PBXGroup section */
		968C8A72199590E9003A2619 = {
			isa = PBXGroup;
			children = (
				968C8A84199590E9003A2619 /* OLDemo */,
				968C8AA3199590EA003A2619 /* OLDemoTests */,
				968C8A7D199590E9003A2619 /* Frameworks */,
				968C8A7C199590E9003A2619 /* Products */,
			);
			sourceTree = "<group>";
		};
		968C8A7C199590E9003A2619 /* Products */ = {
			isa = PBXGroup;
			children = (
				968C8A7B199590E9003A2619 /* OLDemo.app */,
				968C8A9C199590EA003A2619 /* OLDemoTests.xctest */,
			);
			name = Products;
			sourceTree = "<group>";
		};
		968C8A7D199590E9003A2619 /* Frameworks */ = {
			isa = PBXGroup;
			children = (
				968C8A7E199590E9003A2619 /* Foundation.framework */,
				968C8A80199590E9003A2619 /* CoreGraphics.framework */,
				968C8A82199590E9003A2619 /* UIKit.framework */,
				968C8A9D199590EA003A2619 /* XCTest.framework */,
			);
			name = Frameworks;
			sourceTree = "<group>";
		};
		968C8A84199590E9003A2619 /* OLDemo */ = {
			isa = PBXGroup;
			children = (
				968C8A8D199590E9003A2619 /* AppDelegate.h */,
				968C8A8E199590E9003A2619 /* AppDelegate.m */,
				968C8A90199590E9003A2619 /* Main.storyboard */,
				968C8A93199590E9003A2619 /* ViewController.h */,
				968C8A94199590EA003A2619 /* ViewController.m */,
				968C8AC419959AD1003A2619 /* OLStarterClasses */,
				968C8A96199590EA003A2619 /* Images.xcassets */,
				968C8A85199590E9003A2619 /* Supporting Files */,
			);
			path = OLDemo;
			sourceTree = "<group>";
		};
		968C8A85199590E9003A2619 /* Supporting Files */ = {
			isa = PBXGroup;
			children = (
				968C8A86199590E9003A2619 /* OLDemo-Info.plist */,
				968C8A87199590E9003A2619 /* InfoPlist.strings */,
				968C8A8A199590E9003A2619 /* main.m */,
				968C8A8C199590E9003A2619 /* OLDemo-Prefix.pch */,
			);
			name = "Supporting Files";
			sourceTree = "<group>";
		};
		968C8AA3199590EA003A2619 /* OLDemoTests */ = {
			isa = PBXGroup;
			children = (
				968C8AA9199590EA003A2619 /* OLDemoTests.m */,
				968C8AA4199590EA003A2619 /* Supporting Files */,
			);
			path = OLDemoTests;
			sourceTree = "<group>";
		};
		968C8AA4199590EA003A2619 /* Supporting Files */ = {
			isa = PBXGroup;
			children = (
				968C8AA5199590EA003A2619 /* OLDemoTests-Info.plist */,
				968C8AA6199590EA003A2619 /* InfoPlist.strings */,
			);
			name = "Supporting Files";
			sourceTree = "<group>";
		};
		968C8AC419959AD1003A2619 /* OLStarterClasses */ = {
			isa = PBXGroup;
			children = (
				968C8AC519959AD1003A2619 /* Categories */,
				968C8ACA19959AD1003A2619 /* Models */,
				968C8ACD19959AD1003A2619 /* Network */,
				968C8AD019959AD1003A2619 /* OLNetworkConstants.h */,
			);
			path = OLStarterClasses;
			sourceTree = "<group>";
		};
		968C8AC519959AD1003A2619 /* Categories */ = {
			isa = PBXGroup;
			children = (
				968C8AC619959AD1003A2619 /* NSObject+Additions.h */,
				968C8AC719959AD1003A2619 /* NSObject+Additions.m */,
				968C8AC819959AD1003A2619 /* NSString+Additions.h */,
				968C8AC919959AD1003A2619 /* NSString+Additions.m */,
			);
			path = Categories;
			sourceTree = "<group>";
		};
		968C8ACA19959AD1003A2619 /* Models */ = {
			isa = PBXGroup;
			children = (
				968C8ACB19959AD1003A2619 /* OLUser.h */,
				968C8ACC19959AD1003A2619 /* OLUser.m */,
			);
			path = Models;
			sourceTree = "<group>";
		};
		968C8ACD19959AD1003A2619 /* Network */ = {
			isa = PBXGroup;
			children = (
				968C8ACE19959AD1003A2619 /* OLUserNetworkManager.h */,
				968C8ACF19959AD1003A2619 /* OLUserNetworkManager.m */,
			);
			path = Network;
			sourceTree = "<group>";
		};
/* End PBXGroup section */

/* Begin PBXNativeTarget section */
		968C8A7A199590E9003A2619 /* OLDemo */ = {
			isa = PBXNativeTarget;
			buildConfigurationList = 968C8AAD199590EA003A2619 /* Build configuration list for PBXNativeTarget "OLDemo" */;
			buildPhases = (
				968C8A77199590E9003A2619 /* Sources */,
				968C8A78199590E9003A2619 /* Frameworks */,
				968C8A79199590E9003A2619 /* Resources */,
			);
			buildRules = (
			);
			dependencies = (
			);
			name = OLDemo;
			productName = OLDemo;
			productReference = 968C8A7B199590E9003A2619 /* OLDemo.app */;
			productType = "com.apple.product-type.application";
		};
		968C8A9B199590EA003A2619 /* OLDemoTests */ = {
			isa = PBXNativeTarget;
			buildConfigurationList = 968C8AB0199590EA003A2619 /* Build configuration list for PBXNativeTarget "OLDemoTests" */;
			buildPhases = (
				968C8A98199590EA003A2619 /* Sources */,
				968C8A99199590EA003A2619 /* Frameworks */,
				968C8A9A199590EA003A2619 /* Resources */,
			);
			buildRules = (
			);
			dependencies = (
				968C8AA2199590EA003A2619 /* PBXTargetDependency */,
			);
			name = OLDemoTests;
			productName = OLDemoTests;
			productReference = 968C8A9C199590EA003A2619 /* OLDemoTests.xctest */;
			productType = "com.apple.product-type.bundle.unit-test";
		};
/* End PBXNativeTarget section */

/* Begin PBXProject section */
		968C8A73199590E9003A2619 /* Project object */ = {
			isa = PBXProject;
			attributes = {
				LastUpgradeCheck = 0510;
				ORGANIZATIONNAME = "Oceanleap, Inc.";
				TargetAttributes = {
					968C8A9B199590EA003A2619 = {
						TestTargetID = 968C8A7A199590E9003A2619;
					};
				};
			};
			buildConfigurationList = 968C8A76199590E9003A2619 /* Build configuration list for PBXProject "OLDemo" */;
			compatibilityVersion = "Xcode 3.2";
			developmentRegion = English;
			hasScannedForEncodings = 0;
			knownRegions = (
				en,
				Base,
			);
			mainGroup = 968C8A72199590E9003A2619;
			productRefGroup = 968C8A7C199590E9003A2619 /* Products */;
			projectDirPath = "";
			projectRoot = "";
			targets = (
				968C8A7A199590E9003A2619 /* OLDemo */,
				968C8A9B199590EA003A2619 /* OLDemoTests */,
			);
		};
/* End PBXProject section */

/* Begin PBXResourcesBuildPhase section */
		968C8A79199590E9003A2619 /* Resources */ = {
			isa = PBXResourcesBuildPhase;
			buildActionMask = 2147483647;
			files = (
				968C8A97199590EA003A2619 /* Images.xcassets in Resources */,
				968C8A89199590E9003A2619 /* InfoPlist.strings in Resources */,
				968C8A92199590E9003A2619 /* Main.storyboard in Resources */,
			);
			runOnlyForDeploymentPostprocessing = 0;
		};
		968C8A9A199590EA003A2619 /* Resources */ = {
			isa = PBXResourcesBuildPhase;
			buildActionMask = 2147483647;
			files = (
				968C8AA8199590EA003A2619 /* InfoPlist.strings in Resources */,
			);
			runOnlyForDeploymentPostprocessing = 0;
		};
/* End PBXResourcesBuildPhase section */

/* Begin PBXSourcesBuildPhase section */
		968C8A77199590E9003A2619 /* Sources */ = {
			isa = PBXSourcesBuildPhase;
			buildActionMask = 2147483647;
			files = (
				968C8A95199590EA003A2619 /* ViewController.m in Sources */,
				968C8AD319959AD1003A2619 /* OLUser.m in Sources */,
				968C8AD119959AD1003A2619 /* NSObject+Additions.m in Sources */,
				968C8A8F199590E9003A2619 /* AppDelegate.m in Sources */,
				968C8AD219959AD1003A2619 /* NSString+Additions.m in Sources */,
				968C8A8B199590E9003A2619 /* main.m in Sources */,
				968C8AD419959AD1003A2619 /* OLUserNetworkManager.m in Sources */,
			);
			runOnlyForDeploymentPostprocessing = 0;
		};
		968C8A98199590EA003A2619 /* Sources */ = {
			isa = PBXSourcesBuildPhase;
			buildActionMask = 2147483647;
			files = (
				968C8AAA199590EA003A2619 /* OLDemoTests.m in Sources */,
			);
			runOnlyForDeploymentPostprocessing = 0;
		};
/* End PBXSourcesBuildPhase section */

/* Begin PBXTargetDependency section */
		968C8AA2199590EA003A2619 /* PBXTargetDependency */ = {
			isa = PBXTargetDependency;
			target = 968C8A7A199590E9003A2619 /* OLDemo */;
			targetProxy = 968C8AA1199590EA003A2619 /* PBXContainerItemProxy */;
		};
/* End PBXTargetDependency section */

/* Begin PBXVariantGroup section */
		968C8A87199590E9003A2619 /* InfoPlist.strings */ = {
			isa = PBXVariantGroup;
			children = (
				968C8A88199590E9003A2619 /* en */,
			);
			name = InfoPlist.strings;
			sourceTree = "<group>";
		};
		968C8A90199590E9003A2619 /* Main.storyboard */ = {
			isa = PBXVariantGroup;
			children = (
				968C8A91199590E9003A2619 /* Base */,
			);
			name = Main.storyboard;
			sourceTree = "<group>";
		};
		968C8AA6199590EA003A2619 /* InfoPlist.strings */ = {
			isa = PBXVariantGroup;
			children = (
				968C8AA7199590EA003A2619 /* en */,
			);
			name = InfoPlist.strings;
			sourceTree = "<group>";
		};
/* End PBXVariantGroup section */

/* Begin XCBuildConfiguration section */
		968C8AAB199590EA003A2619 /* Debug */ = {
			isa = XCBuildConfiguration;
			buildSettings = {
				ALWAYS_SEARCH_USER_PATHS = NO;
				CLANG_CXX_LANGUAGE_STANDARD = "gnu++0x";
				CLANG_CXX_LIBRARY = "libc++";
				CLANG_ENABLE_MODULES = YES;
				CLANG_ENABLE_OBJC_ARC = YES;
				CLANG_WARN_BOOL_CONVERSION = YES;
				CLANG_WARN_CONSTANT_CONVERSION = YES;
				CLANG_WARN_DIRECT_OBJC_ISA_USAGE = YES_ERROR;
				CLANG_WARN_EMPTY_BODY = YES;
				CLANG_WARN_ENUM_CONVERSION = YES;
				CLANG_WARN_INT_CONVERSION = YES;
				CLANG_WARN_OBJC_ROOT_CLASS = YES_ERROR;
				CLANG_WARN__DUPLICATE_METHOD_MATCH = YES;
				"CODE_SIGN_IDENTITY[sdk=iphoneos*]" = "iPhone Developer";
				COPY_PHASE_STRIP = NO;
				GCC_C_LANGUAGE_STANDARD = gnu99;
				GCC_DYNAMIC_NO_PIC = NO;
				GCC_OPTIMIZATION_LEVEL = 0;
				GCC_PREPROCESSOR_DEFINITIONS = (
					"DEBUG=1",
					"$(inherited)",
				);
				GCC_SYMBOLS_PRIVATE_EXTERN = NO;
				GCC_WARN_64_TO_32_BIT_CONVERSION = YES;
				GCC_WARN_ABOUT_RETURN_TYPE = YES_ERROR;
				GCC_WARN_UNDECLARED_SELECTOR = YES;
				GCC_WARN_UNINITIALIZED_AUTOS = YES_AGGRESSIVE;
				GCC_WARN_UNUSED_FUNCTION = YES;
				GCC_WARN_UNUSED_VARIABLE = YES;
				IPHONEOS_DEPLOYMENT_TARGET = 7.1;
				ONLY_ACTIVE_ARCH = YES;
				SDKROOT = iphoneos;
			};
			name = Debug;
		};
		968C8AAC199590EA003A2619 /* Release */ = {
			isa = XCBuildConfiguration;
			buildSettings = {
				ALWAYS_SEARCH_USER_PATHS = NO;
				CLANG_CXX_LANGUAGE_STANDARD = "gnu++0x";
				CLANG_CXX_LIBRARY = "libc++";
				CLANG_ENABLE_MODULES = YES;
				CLANG_ENABLE_OBJC_ARC = YES;
				CLANG_WARN_BOOL_CONVERSION = YES;
				CLANG_WARN_CONSTANT_CONVERSION = YES;
				CLANG_WARN_DIRECT_OBJC_ISA_USAGE = YES_ERROR;
				CLANG_WARN_EMPTY_BODY = YES;
				CLANG_WARN_ENUM_CONVERSION = YES;
				CLANG_WARN_INT_CONVERSION = YES;
				CLANG_WARN_OBJC_ROOT_CLASS = YES_ERROR;
				CLANG_WARN__DUPLICATE_METHOD_MATCH = YES;
				"CODE_SIGN_IDENTITY[sdk=iphoneos*]" = "iPhone Developer";
				COPY_PHASE_STRIP = YES;
				ENABLE_NS_ASSERTIONS = NO;
				GCC_C_LANGUAGE_STANDARD = gnu99;
				GCC_WARN_64_TO_32_BIT_CONVERSION = YES;
				GCC_WARN_ABOUT_RETURN_TYPE = YES_ERROR;
				GCC_WARN_UNDECLARED_SELECTOR = YES;
				GCC_WARN_UNINITIALIZED_AUTOS = YES_AGGRESSIVE;
				GCC_WARN_UNUSED_FUNCTION = YES;
				GCC_WARN_UNUSED_VARIABLE = YES;
				IPHONEOS_DEPLOYMENT_TARGET = 7.1;
				SDKROOT = iphoneos;
				VALIDATE_PRODUCT = YES;
			};
			name = Release;
		};
		968C8AAE199590EA003A2619 /* Debug */ = {
			isa = XCBuildConfiguration;
			buildSettings = {
				ASSETCATALOG_COMPILER_APPICON_NAME = AppIcon;
				ASSETCATALOG_COMPILER_LAUNCHIMAGE_NAME = LaunchImage;
				GCC_PRECOMPILE_PREFIX_HEADER = YES;
				GCC_PREFIX_HEADER = "OLDemo/OLDemo-Prefix.pch";
				INFOPLIST_FILE = "OLDemo/OLDemo-Info.plist";
				PRODUCT_NAME = "$(TARGET_NAME)";
				WRAPPER_EXTENSION = app;
			};
			name = Debug;
		};
		968C8AAF199590EA003A2619 /* Release */ = {
			isa = XCBuildConfiguration;
			buildSettings = {
				ASSETCATALOG_COMPILER_APPICON_NAME = AppIcon;
				ASSETCATALOG_COMPILER_LAUNCHIMAGE_NAME = LaunchImage;
				GCC_PRECOMPILE_PREFIX_HEADER = YES;
				GCC_PREFIX_HEADER = "OLDemo/OLDemo-Prefix.pch";
				INFOPLIST_FILE = "OLDemo/OLDemo-Info.plist";
				PRODUCT_NAME = "$(TARGET_NAME)";
				WRAPPER_EXTENSION = app;
			};
			name = Release;
		};
		968C8AB1199590EA003A2619 /* Debug */ = {
			isa = XCBuildConfiguration;
			buildSettings = {
				BUNDLE_LOADER = "$(BUILT_PRODUCTS_DIR)/OLDemo.app/OLDemo";
				FRAMEWORK_SEARCH_PATHS = (
					"$(SDKROOT)/Developer/Library/Frameworks",
					"$(inherited)",
					"$(DEVELOPER_FRAMEWORKS_DIR)",
				);
				GCC_PRECOMPILE_PREFIX_HEADER = YES;
				GCC_PREFIX_HEADER = "OLDemo/OLDemo-Prefix.pch";
				GCC_PREPROCESSOR_DEFINITIONS = (
					"DEBUG=1",
					"$(inherited)",
				);
				INFOPLIST_FILE = "OLDemoTests/OLDemoTests-Info.plist";
				PRODUCT_NAME = "$(TARGET_NAME)";
				TEST_HOST = "$(BUNDLE_LOADER)";
				WRAPPER_EXTENSION = xctest;
			};
			name = Debug;
		};
		968C8AB2199590EA003A2619 /* Release */ = {
			isa = XCBuildConfiguration;
			buildSettings = {
				BUNDLE_LOADER = "$(BUILT_PRODUCTS_DIR)/OLDemo.app/OLDemo";
				FRAMEWORK_SEARCH_PATHS = (
					"$(SDKROOT)/Developer/Library/Frameworks",
					"$(inherited)",
					"$(DEVELOPER_FRAMEWORKS_DIR)",
				);
				GCC_PRECOMPILE_PREFIX_HEADER = YES;
				GCC_PREFIX_HEADER = "OLDemo/OLDemo-Prefix.pch";
				INFOPLIST_FILE = "OLDemoTests/OLDemoTests-Info.plist";
				PRODUCT_NAME = "$(TARGET_NAME)";
				TEST_HOST = "$(BUNDLE_LOADER)";
				WRAPPER_EXTENSION = xctest;
			};
			name = Release;
		};
/* End XCBuildConfiguration section */

/* Begin XCConfigurationList section */
		968C8A76199590E9003A2619 /* Build configuration list for PBXProject "OLDemo" */ = {
			isa = XCConfigurationList;
			buildConfigurations = (
				968C8AAB199590EA003A2619 /* Debug */,
				968C8AAC199590EA003A2619 /* Release */,
			);
			defaultConfigurationIsVisible = 0;
			defaultConfigurationName = Release;
		};
		968C8AAD199590EA003A2619 /* Build configuration list for PBXNativeTarget "OLDemo" */ = {
			isa = XCConfigurationList;
			buildConfigurations = (
				968C8AAE199590EA003A2619 /* Debug */,
				968C8AAF199590EA003A2619 /* Release */,
			);
			defaultConfigurationIsVisible = 0;
		};
		968C8AB0199590EA003A2619 /* Build configuration list for PBXNativeTarget "OLDemoTests" */ = {
			isa = XCConfigurationList;
			buildConfigurations = (
				968C8AB1199590EA003A2619 /* Debug */,
				968C8AB2199590EA003A2619 /* Release */,
			);
			defaultConfigurationIsVisible = 0;
		};
/* End XCConfigurationList section */
	};
	rootObject = 968C8A73199590E9003A2619 /* Project object */;
}
